
Microsoft Visual Studio Solution File, Format Version 12.00
# Visual Studio Version 16
VisualStudioVersion = 16.0.29806.167
MinimumVisualStudioVersion = 10.0.40219.1
Project("{FAE04EC0-301F-11D3-BF4B-00C04F79EFBC}") = "MVC_SMS", "MVC_SMS\MVC_SMS.csproj", "{8BB90CD3-21F0-45A1-8159-3EBE73BA4A83}"
EndProject
Project("{FAE04EC0-301F-11D3-BF4B-00C04F79EFBC}") = "DatabaseAccess", "DatabaseAccess\DatabaseAccess.csproj", "{6FD95C09-45DC-4DBE-B258-4FDA21ABD514}"
EndProject
Global
	GlobalSection(SolutionConfigurationPlatforms) = preSolution
		Debug|Any CPU = Debug|Any CPU
		Release|Any CPU = Release|Any CPU
	EndGlobalSection
	GlobalSection(ProjectConfigurationPlatforms) = postSolution
		{8BB90CD3-21F0-45A1-8159-3EBE73BA4A83}.Debug|Any CPU.ActiveCfg = Debug|Any CPU
		{8BB90CD3-21F0-45A1-8159-3EBE73BA4A83}.Debug|Any CPU.Build.0 = Debug|Any CPU
		{8BB90CD3-21F0-45A1-8159-3EBE73BA4A83}.Release|Any CPU.ActiveCfg = Release|Any CPU
		{8BB90CD3-21F0-45A1-8159-3EBE73BA4A83}.Release|Any CPU.Build.0 = Release|Any CPU
		{6FD95C09-45DC-4DBE-B258-4FDA21ABD514}.Debug|Any CPU.ActiveCfg = Debug|Any CPU
		{6FD95C09-45DC-4DBE-B258-4FDA21ABD514}.Debug|Any CPU.Build.0 = Debug|Any CPU
		{6FD95C09-45DC-4DBE-B258-4FDA21ABD514}.Release|Any CPU.ActiveCfg = Release|Any CPU
		{6FD95C09-45DC-4DBE-B258-4FDA21ABD514}.Release|Any CPU.Build.0 = Release|Any CPU
	EndGlobalSection
	GlobalSection(SolutionProperties) = preSolution
		HideSolutionNode = FALSE
	EndGlobalSection
	GlobalSection(ExtensibilityGlobals) = postSolution
		SolutionGuid = {32BEB8A6-F495-4A42-9F4C-AB936988BAA1}
	EndGlobalSection
EndGlobal
